
Microsoft Visual Studio Solution File, Format Version 12.00
# Visual Studio 15
Project("{FAE04EC0-301F-11D3-BF4B-00C04F79EFBC}") = "test100500", "test100500\test100500.csproj", "{451C3FBC-42C3-4AE8-AB7B-034EBBC95E79}"
EndProject
Project("{FAE04EC0-301F-11D3-BF4B-00C04F79EFBC}") = "test100500.Tests", "test100500.Tests\test100500.Tests.csproj", "{7BA8338D-317E-4D05-BF95-0AB6984697D1}"
EndProject
Global
	GlobalSection(SolutionConfigurationPlatforms) = preSolution
		Debug|Any CPU = Debug|Any CPU
		Release|Any CPU = Release|Any CPU
	EndGlobalSection
	GlobalSection(ProjectConfigurationPlatforms) = postSolution
		{451C3FBC-42C3-4AE8-AB7B-034EBBC95E79}.Debug|Any CPU.ActiveCfg = Debug|Any CPU
		{451C3FBC-42C3-4AE8-AB7B-034EBBC95E79}.Debug|Any CPU.Build.0 = Debug|Any CPU
		{451C3FBC-42C3-4AE8-AB7B-034EBBC95E79}.Release|Any CPU.ActiveCfg = Release|Any CPU
		{451C3FBC-42C3-4AE8-AB7B-034EBBC95E79}.Release|Any CPU.Build.0 = Release|Any CPU
		{7BA8338D-317E-4D05-BF95-0AB6984697D1}.Debug|Any CPU.ActiveCfg = Debug|Any CPU
		{7BA8338D-317E-4D05-BF95-0AB6984697D1}.Debug|Any CPU.Build.0 = Debug|Any CPU
		{7BA8338D-317E-4D05-BF95-0AB6984697D1}.Release|Any CPU.ActiveCfg = Release|Any CPU
		{7BA8338D-317E-4D05-BF95-0AB6984697D1}.Release|Any CPU.Build.0 = Release|Any CPU
	EndGlobalSection
EndGlobal
